
Microsoft Visual Studio Solution File, Format Version 12.00
# Visual Studio Version 16
VisualStudioVersion = 16.0.28803.202
MinimumVisualStudioVersion = 10.0.40219.1
Project("{FAE04EC0-301F-11D3-BF4B-00C04F79EFBC}") = "Steam Workshop Collection Downloader", "SteamWorkshop AppID Downloader\Steam Workshop Collection Downloader.csproj", "{700C1D90-409E-498A-9317-B94C26011887}"
EndProject
Global
	GlobalSection(SolutionConfigurationPlatforms) = preSolution
		Debug|Any CPU = Debug|Any CPU
		Release|Any CPU = Release|Any CPU
	EndGlobalSection
	GlobalSection(ProjectConfigurationPlatforms) = postSolution
		{700C1D90-409E-498A-9317-B94C26011887}.Debug|Any CPU.ActiveCfg = Debug|Any CPU
		{700C1D90-409E-498A-9317-B94C26011887}.Debug|Any CPU.Build.0 = Debug|Any CPU
		{700C1D90-409E-498A-9317-B94C26011887}.Release|Any CPU.ActiveCfg = Release|Any CPU
		{700C1D90-409E-498A-9317-B94C26011887}.Release|Any CPU.Build.0 = Release|Any CPU
	EndGlobalSection
	GlobalSection(SolutionProperties) = preSolution
		HideSolutionNode = FALSE
	EndGlobalSection
	GlobalSection(ExtensibilityGlobals) = postSolution
		SolutionGuid = {01DEA2C6-AC48-4531-AA29-B21A82EBD39D}
	EndGlobalSection
EndGlobal
